{
  "name": "csv-to-json",
  "version": "1.0.0",
  "lockfileVersion": 1,
  "requires": true,
  "dependencies": {
    "bluebird": {
      "version": "3.5.3",
      "resolved": "https://registry.npmjs.org/bluebird/-/bluebird-3.5.3.tgz",
      "integrity": "sha512-/qKPUQlaW1OyR51WeCPBvRnAlnZFUJkCSG5HzGnuIqhgyJtF+T94lFnn33eiazjRm2LAHVy2guNnaq48X9SJuw=="
    },
    "csvtojson": {
      "version": "2.0.8",
      "resolved": "https://registry.npmjs.org/csvtojson/-/csvtojson-2.0.8.tgz",
      "integrity": "sha512-DC6YFtsJiA7t/Yz+KjzT6GXuKtU/5gRbbl7HJqvDVVir+dxdw2/1EgwfgJdnsvUT7lOnON5DvGftKuYWX1nMOQ==",
      "requires": {
        "bluebird": "^3.5.1",
        "lodash": "^4.17.3",
        "strip-bom": "^2.0.0"
      }
    },
    "is-utf8": {
      "version": "0.2.1",
      "resolved": "https://registry.npmjs.org/is-utf8/-/is-utf8-0.2.1.tgz",
      "integrity": "sha1-Sw2hRCEE0bM2NA6AeX6GXPOffXI="
    },
    "lodash": {
      "version": "4.17.11",
      "resolved": "https://registry.npmjs.org/lodash/-/lodash-4.17.11.tgz",
      "integrity": "sha512-cQKh8igo5QUhZ7lg38DYWAxMvjSAKG0A8wGSVimP07SIUEK2UO+arSRKbRZWtelMtN5V0Hkwh5ryOto/SshYIg=="
    },
    "ramda": {
      "version": "0.26.1",
      "resolved": "https://registry.npmjs.org/ramda/-/ramda-0.26.1.tgz",
      "integrity": "sha512-hLWjpy7EnsDBb0p+Z3B7rPi3GDeRG5ZtiI33kJhTt+ORCd38AbAIjB/9zRIUoeTbE/AVX5ZkU7m6bznsvrf8eQ=="
    },
    "sanctuary": {
      "version": "1.0.0",
      "resolved": "https://registry.npmjs.org/sanctuary/-/sanctuary-1.0.0.tgz",
      "integrity": "sha512-H+C80DadljM0gyWe5Y3R8bDIDW8MU8/XBg0h0V2zwusmljRAVrBQshd6XU3zFxk+lHj04e9xoUvBscRfl8vO8g==",
      "requires": {
        "sanctuary-def": "0.19.0",
        "sanctuary-either": "1.1.0",
        "sanctuary-maybe": "1.1.0",
        "sanctuary-pair": "1.1.0",
        "sanctuary-show": "1.0.0",
        "sanctuary-type-classes": "10.0.0",
        "sanctuary-type-identifiers": "2.0.1"
      }
    },
    "sanctuary-def": {
      "version": "0.19.0",
      "resolved": "https://registry.npmjs.org/sanctuary-def/-/sanctuary-def-0.19.0.tgz",
      "integrity": "sha512-1ZJX4LC3Kh4B9bnGGCN8qQS7GrHltLtibQnsaFqaoUpKIT4qCfUuCy/Beke352E948+lmquowyDfkMHtZ/0m3w==",
      "requires": {
        "sanctuary-either": "1.0.x",
        "sanctuary-show": "1.0.x",
        "sanctuary-type-classes": "10.0.x",
        "sanctuary-type-identifiers": "2.0.x"
      },
      "dependencies": {
        "sanctuary-either": {
          "version": "1.0.0",
          "resolved": "https://registry.npmjs.org/sanctuary-either/-/sanctuary-either-1.0.0.tgz",
          "integrity": "sha512-j4WAlwILU83wawXJQCSh5kVK27gxOykMuCfUfUOba/qUcFE+FxwHkt7lnHVYDjt7jG9SENe8bTQzPH/Zmhy3Ag==",
          "requires": {
            "sanctuary-show": "1.0.x",
            "sanctuary-type-classes": "9.0.0"
          },
          "dependencies": {
            "sanctuary-type-classes": {
              "version": "9.0.0",
              "resolved": "https://registry.npmjs.org/sanctuary-type-classes/-/sanctuary-type-classes-9.0.0.tgz",
              "integrity": "sha512-rFW27f3D622kxKravpGU9OjWn66fnDjDjGPvoYo4hEoBg2ocypvp0R9cs0YovKL3jTO+PTceUBh5tYZ+l9ay3g==",
              "requires": {
                "sanctuary-type-identifiers": "1.0.x"
              }
            },
            "sanctuary-type-identifiers": {
              "version": "1.0.0",
              "resolved": "https://registry.npmjs.org/sanctuary-type-identifiers/-/sanctuary-type-identifiers-1.0.0.tgz",
              "integrity": "sha1-6PNZ8AbLXmJM+4RkYD/BFGCL3p8="
            }
          }
        }
      }
    },
    "sanctuary-either": {
      "version": "1.1.0",
      "resolved": "https://registry.npmjs.org/sanctuary-either/-/sanctuary-either-1.1.0.tgz",
      "integrity": "sha512-tQewdQTPKzuJGahV5iuILJM96I+AfIFn3vpi0s2FhHYENbRqO4JeFSWLNT1mJ9SupSJBopgWefWeUjq/ZKfdtg==",
      "requires": {
        "sanctuary-show": "1.0.x",
        "sanctuary-type-classes": "10.0.0"
      }
    },
    "sanctuary-maybe": {
      "version": "1.1.0",
      "resolved": "https://registry.npmjs.org/sanctuary-maybe/-/sanctuary-maybe-1.1.0.tgz",
      "integrity": "sha512-MwHsfddXxfn7Ywy9hiRIA/+lbJBUKeKI/cSHwTKkbLkelSBhSpBgZZI4giSZRwbP9OpxOpbkS+rFc//+HCVwdw==",
      "requires": {
        "sanctuary-show": "1.0.x",
        "sanctuary-type-classes": "10.0.0"
      }
    },
    "sanctuary-pair": {
      "version": "1.1.0",
      "resolved": "https://registry.npmjs.org/sanctuary-pair/-/sanctuary-pair-1.1.0.tgz",
      "integrity": "sha512-lr+lTHZCzKD3PAS8YHB0YhVLsKIRIzoeIg5SBWYquXgabVdVShOT+J+7E3cg4v+FOpgN1HWguYQcbJczCSEVyQ==",
      "requires": {
        "sanctuary-show": "1.0.x",
        "sanctuary-type-classes": "10.0.0"
      }
    },
    "sanctuary-show": {
      "version": "1.0.0",
      "resolved": "https://registry.npmjs.org/sanctuary-show/-/sanctuary-show-1.0.0.tgz",
      "integrity": "sha512-63UqNGr5M6wkzKp6eGc/Gy6JBIV2PbzPd3q88+0F9z0qydAQsCWJ+7e4oor39rEEwj2GkZMDEhqGuiMl9eEnYw=="
    },
    "sanctuary-type-classes": {
      "version": "10.0.0",
      "resolved": "https://registry.npmjs.org/sanctuary-type-classes/-/sanctuary-type-classes-10.0.0.tgz",
      "integrity": "sha512-h5Q1VkW/CmVbmoWDf6HdsgJbx5gc3n6R5lRzzKRssYSkghmqEuAr+0ThJs/bqJK8aiQwh3N2PXP4ZppYEDlSdg==",
      "requires": {
        "sanctuary-type-identifiers": "2.0.1"
      }
    },
    "sanctuary-type-identifiers": {
      "version": "2.0.1",
      "resolved": "https://registry.npmjs.org/sanctuary-type-identifiers/-/sanctuary-type-identifiers-2.0.1.tgz",
      "integrity": "sha1-/FJM9t2Szr/LsN2VCe/xkxWaIO0="
    },
    "strip-bom": {
      "version": "2.0.0",
      "resolved": "https://registry.npmjs.org/strip-bom/-/strip-bom-2.0.0.tgz",
      "integrity": "sha1-YhmoVhZSBJHzV4i9vxRHqZx+aw4=",
      "requires": {
        "is-utf8": "^0.2.0"
      }
    }
  }
}
